
Microsoft Visual Studio Solution File, Format Version 12.00
# Visual Studio Version 17
VisualStudioVersion = 17.7.34031.279
MinimumVisualStudioVersion = 10.0.40219.1
Project("{8BC9CEB8-8B4A-11D0-8D11-00A0C91BC942}") = "P2_V6", "P2_V6.vcxproj", "{B484C63A-A5FF-4AE0-BF76-5CB171201CC8}"
EndProject
Global
	GlobalSection(SolutionConfigurationPlatforms) = preSolution
		Debug|x64 = Debug|x64
		Debug|x86 = Debug|x86
		Release|x64 = Release|x64
		Release|x86 = Release|x86
	EndGlobalSection
	GlobalSection(ProjectConfigurationPlatforms) = postSolution
		{B484C63A-A5FF-4AE0-BF76-5CB171201CC8}.Debug|x64.ActiveCfg = Debug|x64
		{B484C63A-A5FF-4AE0-BF76-5CB171201CC8}.Debug|x64.Build.0 = Debug|x64
		{B484C63A-A5FF-4AE0-BF76-5CB171201CC8}.Debug|x86.ActiveCfg = Debug|Win32
		{B484C63A-A5FF-4AE0-BF76-5CB171201CC8}.Debug|x86.Build.0 = Debug|Win32
		{B484C63A-A5FF-4AE0-BF76-5CB171201CC8}.Release|x64.ActiveCfg = Release|x64
		{B484C63A-A5FF-4AE0-BF76-5CB171201CC8}.Release|x64.Build.0 = Release|x64
		{B484C63A-A5FF-4AE0-BF76-5CB171201CC8}.Release|x86.ActiveCfg = Release|Win32
		{B484C63A-A5FF-4AE0-BF76-5CB171201CC8}.Release|x86.Build.0 = Release|Win32
	EndGlobalSection
	GlobalSection(SolutionProperties) = preSolution
		HideSolutionNode = FALSE
	EndGlobalSection
	GlobalSection(ExtensibilityGlobals) = postSolution
		SolutionGuid = {8C9671F9-1CD4-40F1-813D-232B42BC53E8}
	EndGlobalSection
EndGlobal
