
Microsoft Visual Studio Solution File, Format Version 12.00
# Visual Studio Version 17
VisualStudioVersion = 17.8.34330.188
MinimumVisualStudioVersion = 10.0.40219.1
Project("{8BC9CEB8-8B4A-11D0-8D11-00A0C91BC942}") = "prak3", "prak3\prak3.vcxproj", "{653F146A-D81B-42B7-A5A6-2C068668DF75}"
EndProject
Project("{8BC9CEB8-8B4A-11D0-8D11-00A0C91BC942}") = "prak3_tests", "prak3_tests\prak3_tests.vcxproj", "{AF126AE9-85E5-448E-A615-4EF951B95CCD}"
EndProject
Global
	GlobalSection(SolutionConfigurationPlatforms) = preSolution
		Debug|x64 = Debug|x64
		Debug|x86 = Debug|x86
		Release|x64 = Release|x64
		Release|x86 = Release|x86
	EndGlobalSection
	GlobalSection(ProjectConfigurationPlatforms) = postSolution
		{653F146A-D81B-42B7-A5A6-2C068668DF75}.Debug|x64.ActiveCfg = Debug|x64
		{653F146A-D81B-42B7-A5A6-2C068668DF75}.Debug|x64.Build.0 = Debug|x64
		{653F146A-D81B-42B7-A5A6-2C068668DF75}.Debug|x86.ActiveCfg = Debug|Win32
		{653F146A-D81B-42B7-A5A6-2C068668DF75}.Debug|x86.Build.0 = Debug|Win32
		{653F146A-D81B-42B7-A5A6-2C068668DF75}.Release|x64.ActiveCfg = Release|x64
		{653F146A-D81B-42B7-A5A6-2C068668DF75}.Release|x64.Build.0 = Release|x64
		{653F146A-D81B-42B7-A5A6-2C068668DF75}.Release|x86.ActiveCfg = Release|Win32
		{653F146A-D81B-42B7-A5A6-2C068668DF75}.Release|x86.Build.0 = Release|Win32
		{AF126AE9-85E5-448E-A615-4EF951B95CCD}.Debug|x64.ActiveCfg = Debug|x64
		{AF126AE9-85E5-448E-A615-4EF951B95CCD}.Debug|x64.Build.0 = Debug|x64
		{AF126AE9-85E5-448E-A615-4EF951B95CCD}.Debug|x86.ActiveCfg = Debug|Win32
		{AF126AE9-85E5-448E-A615-4EF951B95CCD}.Debug|x86.Build.0 = Debug|Win32
		{AF126AE9-85E5-448E-A615-4EF951B95CCD}.Release|x64.ActiveCfg = Release|x64
		{AF126AE9-85E5-448E-A615-4EF951B95CCD}.Release|x64.Build.0 = Release|x64
		{AF126AE9-85E5-448E-A615-4EF951B95CCD}.Release|x86.ActiveCfg = Release|Win32
		{AF126AE9-85E5-448E-A615-4EF951B95CCD}.Release|x86.Build.0 = Release|Win32
	EndGlobalSection
	GlobalSection(SolutionProperties) = preSolution
		HideSolutionNode = FALSE
	EndGlobalSection
	GlobalSection(ExtensibilityGlobals) = postSolution
		SolutionGuid = {30C77E53-FCAF-42F3-AD52-23B6575B5BFE}
	EndGlobalSection
EndGlobal
